
Microsoft Visual Studio Solution File, Format Version 12.00
# Visual Studio Version 16
VisualStudioVersion = 16.0.30523.141
MinimumVisualStudioVersion = 10.0.40219.1
Project("{FAE04EC0-301F-11D3-BF4B-00C04F79EFBC}") = "QulixTask", "QulixTask\QulixTask.csproj", "{5BE35034-828F-4F65-87F4-981B194F883F}"
EndProject
Global
	GlobalSection(SolutionConfigurationPlatforms) = preSolution
		Debug|Any CPU = Debug|Any CPU
		Release|Any CPU = Release|Any CPU
	EndGlobalSection
	GlobalSection(ProjectConfigurationPlatforms) = postSolution
		{5BE35034-828F-4F65-87F4-981B194F883F}.Debug|Any CPU.ActiveCfg = Debug|Any CPU
		{5BE35034-828F-4F65-87F4-981B194F883F}.Debug|Any CPU.Build.0 = Debug|Any CPU
		{5BE35034-828F-4F65-87F4-981B194F883F}.Release|Any CPU.ActiveCfg = Release|Any CPU
		{5BE35034-828F-4F65-87F4-981B194F883F}.Release|Any CPU.Build.0 = Release|Any CPU
	EndGlobalSection
	GlobalSection(SolutionProperties) = preSolution
		HideSolutionNode = FALSE
	EndGlobalSection
	GlobalSection(ExtensibilityGlobals) = postSolution
		SolutionGuid = {6E41C29C-58DC-47E6-8A46-EF2D58513ADB}
	EndGlobalSection
EndGlobal
